
Microsoft Visual Studio Solution File, Format Version 12.00
# Visual Studio Version 17
VisualStudioVersion = 17.4.32916.344
MinimumVisualStudioVersion = 10.0.40219.1
Project("{9A19103F-16F7-4668-BE54-9A1E7A4F7556}") = "EtherpunkBlazorWasm.Server", "EtherpunkBlazorWasm\Server\EtherpunkBlazorWasm.Server.csproj", "{1454471B-22A9-4C73-8D18-A9F51F9E674D}"
EndProject
Project("{9A19103F-16F7-4668-BE54-9A1E7A4F7556}") = "EtherpunkBlazorWasm.Client", "EtherpunkBlazorWasm\Client\EtherpunkBlazorWasm.Client.csproj", "{EFFBD841-C405-4760-AF94-9A2337F77B55}"
EndProject
Project("{9A19103F-16F7-4668-BE54-9A1E7A4F7556}") = "EtherpunkBlazorWasm.Shared", "EtherpunkBlazorWasm\Shared\EtherpunkBlazorWasm.Shared.csproj", "{9735150C-7DD6-4D1F-8007-032ACC38D3D3}"
EndProject
Project("{2150E333-8FDC-42A3-9474-1A3956D46DE8}") = "Solution Items", "Solution Items", "{39547890-8EEC-4108-99C4-7970CF35A259}"
	ProjectSection(SolutionItems) = preProject
		Readme.md = Readme.md
	EndProjectSection
EndProject
Global
	GlobalSection(SolutionConfigurationPlatforms) = preSolution
		Debug|Any CPU = Debug|Any CPU
		Release|Any CPU = Release|Any CPU
	EndGlobalSection
	GlobalSection(ProjectConfigurationPlatforms) = postSolution
		{1454471B-22A9-4C73-8D18-A9F51F9E674D}.Debug|Any CPU.ActiveCfg = Debug|Any CPU
		{1454471B-22A9-4C73-8D18-A9F51F9E674D}.Debug|Any CPU.Build.0 = Debug|Any CPU
		{1454471B-22A9-4C73-8D18-A9F51F9E674D}.Release|Any CPU.ActiveCfg = Release|Any CPU
		{1454471B-22A9-4C73-8D18-A9F51F9E674D}.Release|Any CPU.Build.0 = Release|Any CPU
		{EFFBD841-C405-4760-AF94-9A2337F77B55}.Debug|Any CPU.ActiveCfg = Debug|Any CPU
		{EFFBD841-C405-4760-AF94-9A2337F77B55}.Debug|Any CPU.Build.0 = Debug|Any CPU
		{EFFBD841-C405-4760-AF94-9A2337F77B55}.Release|Any CPU.ActiveCfg = Release|Any CPU
		{EFFBD841-C405-4760-AF94-9A2337F77B55}.Release|Any CPU.Build.0 = Release|Any CPU
		{9735150C-7DD6-4D1F-8007-032ACC38D3D3}.Debug|Any CPU.ActiveCfg = Debug|Any CPU
		{9735150C-7DD6-4D1F-8007-032ACC38D3D3}.Debug|Any CPU.Build.0 = Debug|Any CPU
		{9735150C-7DD6-4D1F-8007-032ACC38D3D3}.Release|Any CPU.ActiveCfg = Release|Any CPU
		{9735150C-7DD6-4D1F-8007-032ACC38D3D3}.Release|Any CPU.Build.0 = Release|Any CPU
	EndGlobalSection
	GlobalSection(SolutionProperties) = preSolution
		HideSolutionNode = FALSE
	EndGlobalSection
	GlobalSection(ExtensibilityGlobals) = postSolution
		SolutionGuid = {60222732-694E-44A3-AD1B-E8CB6507875B}
	EndGlobalSection
EndGlobal
